Microsoft Visual Studio Solution File, Format Version 12.00
# Visual Studio 15
VisualStudioVersion = 15.0.28307.106
MinimumVisualStudioVersion = 10.0.40219.1
Project("{FAE04EC0-301F-11D3-BF4B-00C04F79EFBC}") = "TesteCRM", "TesteCRM\TesteCRM.csproj", "{C2D9949D-D9BA-46AE-8468-6AD0C35B943C}"
EndProject
Global
	GlobalSection(SolutionConfigurationPlatforms) = preSolution
		Debug|Any CPU = Debug|Any CPU
		Release|Any CPU = Release|Any CPU
	EndGlobalSection
	GlobalSection(ProjectConfigurationPlatforms) = postSolution
		{C2D9949D-D9BA-46AE-8468-6AD0C35B943C}.Debug|Any CPU.ActiveCfg = Debug|Any CPU
		{C2D9949D-D9BA-46AE-8468-6AD0C35B943C}.Debug|Any CPU.Build.0 = Debug|Any CPU
		{C2D9949D-D9BA-46AE-8468-6AD0C35B943C}.Release|Any CPU.ActiveCfg = Release|Any CPU
		{C2D9949D-D9BA-46AE-8468-6AD0C35B943C}.Release|Any CPU.Build.0 = Release|Any CPU
	EndGlobalSection
	GlobalSection(SolutionProperties) = preSolution
		HideSolutionNode = FALSE
	EndGlobalSection
	GlobalSection(ExtensibilityGlobals) = postSolution
		SolutionGuid = {6272E179-84BD-413E-9F8E-0B4AE4259C0E}
	EndGlobalSection
EndGlobal
